
Microsoft Visual Studio Solution File, Format Version 12.00
# Visual Studio Version 16
VisualStudioVersion = 16.0.31205.134
MinimumVisualStudioVersion = 10.0.40219.1
Project("{9A19103F-16F7-4668-BE54-9A1E7A4F7556}") = "DotNetCoreGenericRepository", "DotNetCoreGenericRepository\DotNetCoreGenericRepository.csproj", "{27877F58-26C0-4EA5-AF4A-631CB55BBACC}"
EndProject
Project("{9A19103F-16F7-4668-BE54-9A1E7A4F7556}") = "Repository", "Repository\Repository.csproj", "{56B1BF57-19B8-4E59-98A7-9D3EA190AAC4}"
EndProject
Project("{9A19103F-16F7-4668-BE54-9A1E7A4F7556}") = "GenericRepository", "GenericRepository\GenericRepository.csproj", "{4759647B-8C50-4DD5-9E8E-70A3566F9555}"
EndProject
Global
	GlobalSection(SolutionConfigurationPlatforms) = preSolution
		Debug|Any CPU = Debug|Any CPU
		Release|Any CPU = Release|Any CPU
	EndGlobalSection
	GlobalSection(ProjectConfigurationPlatforms) = postSolution
		{27877F58-26C0-4EA5-AF4A-631CB55BBACC}.Debug|Any CPU.ActiveCfg = Debug|Any CPU
		{27877F58-26C0-4EA5-AF4A-631CB55BBACC}.Debug|Any CPU.Build.0 = Debug|Any CPU
		{27877F58-26C0-4EA5-AF4A-631CB55BBACC}.Release|Any CPU.ActiveCfg = Release|Any CPU
		{27877F58-26C0-4EA5-AF4A-631CB55BBACC}.Release|Any CPU.Build.0 = Release|Any CPU
		{56B1BF57-19B8-4E59-98A7-9D3EA190AAC4}.Debug|Any CPU.ActiveCfg = Debug|Any CPU
		{56B1BF57-19B8-4E59-98A7-9D3EA190AAC4}.Debug|Any CPU.Build.0 = Debug|Any CPU
		{56B1BF57-19B8-4E59-98A7-9D3EA190AAC4}.Release|Any CPU.ActiveCfg = Release|Any CPU
		{56B1BF57-19B8-4E59-98A7-9D3EA190AAC4}.Release|Any CPU.Build.0 = Release|Any CPU
		{4759647B-8C50-4DD5-9E8E-70A3566F9555}.Debug|Any CPU.ActiveCfg = Debug|Any CPU
		{4759647B-8C50-4DD5-9E8E-70A3566F9555}.Debug|Any CPU.Build.0 = Debug|Any CPU
		{4759647B-8C50-4DD5-9E8E-70A3566F9555}.Release|Any CPU.ActiveCfg = Release|Any CPU
		{4759647B-8C50-4DD5-9E8E-70A3566F9555}.Release|Any CPU.Build.0 = Release|Any CPU
	EndGlobalSection
	GlobalSection(SolutionProperties) = preSolution
		HideSolutionNode = FALSE
	EndGlobalSection
	GlobalSection(ExtensibilityGlobals) = postSolution
		SolutionGuid = {24B48C33-5C98-4096-8338-DF8C60DF9E31}
	EndGlobalSection
EndGlobal
