
Microsoft Visual Studio Solution File, Format Version 12.00
# Visual Studio Version 16
VisualStudioVersion = 16.0.31205.134
MinimumVisualStudioVersion = 10.0.40219.1
Project("{FAE04EC0-301F-11D3-BF4B-00C04F79EFBC}") = "DotNetCoreGenericRepository", "DotNetCoreGenericRepository\DotNetCoreGenericRepository.csproj", "{27877F58-26C0-4EA5-AF4A-631CB55BBACC}"
EndProject
Project("{FAE04EC0-301F-11D3-BF4B-00C04F79EFBC}") = "Repository", "Repository\Repository.csproj", "{56B1BF57-19B8-4E59-98A7-9D3EA190AAC4}"
EndProject
Project("{FAE04EC0-301F-11D3-BF4B-00C04F79EFBC}") = "GenericRepositoryHelper", "GenericRepositoryHelper\GenericRepositoryHelper.csproj", "{CB1A1E64-F40B-4835-806F-8BB23EB3AF0D}"
EndProject
Global
	GlobalSection(SolutionConfigurationPlatforms) = preSolution
		Debug|Any CPU = Debug|Any CPU
		Release|Any CPU = Release|Any CPU
	EndGlobalSection
	GlobalSection(ProjectConfigurationPlatforms) = postSolution
		{27877F58-26C0-4EA5-AF4A-631CB55BBACC}.Debug|Any CPU.ActiveCfg = Debug|Any CPU
		{27877F58-26C0-4EA5-AF4A-631CB55BBACC}.Debug|Any CPU.Build.0 = Debug|Any CPU
		{27877F58-26C0-4EA5-AF4A-631CB55BBACC}.Release|Any CPU.ActiveCfg = Release|Any CPU
		{27877F58-26C0-4EA5-AF4A-631CB55BBACC}.Release|Any CPU.Build.0 = Release|Any CPU
		{56B1BF57-19B8-4E59-98A7-9D3EA190AAC4}.Debug|Any CPU.ActiveCfg = Debug|Any CPU
		{56B1BF57-19B8-4E59-98A7-9D3EA190AAC4}.Debug|Any CPU.Build.0 = Debug|Any CPU
		{56B1BF57-19B8-4E59-98A7-9D3EA190AAC4}.Release|Any CPU.ActiveCfg = Release|Any CPU
		{56B1BF57-19B8-4E59-98A7-9D3EA190AAC4}.Release|Any CPU.Build.0 = Release|Any CPU
		{CB1A1E64-F40B-4835-806F-8BB23EB3AF0D}.Debug|Any CPU.ActiveCfg = Debug|Any CPU
		{CB1A1E64-F40B-4835-806F-8BB23EB3AF0D}.Debug|Any CPU.Build.0 = Debug|Any CPU
		{CB1A1E64-F40B-4835-806F-8BB23EB3AF0D}.Release|Any CPU.ActiveCfg = Release|Any CPU
		{CB1A1E64-F40B-4835-806F-8BB23EB3AF0D}.Release|Any CPU.Build.0 = Release|Any CPU
	EndGlobalSection
	GlobalSection(SolutionProperties) = preSolution
		HideSolutionNode = FALSE
	EndGlobalSection
	GlobalSection(ExtensibilityGlobals) = postSolution
		SolutionGuid = {24B48C33-5C98-4096-8338-DF8C60DF9E31}
	EndGlobalSection
EndGlobal
